# This file is automatically @generated by Cargo.
# It is not intended for manual editing.
version = 4

[[package]]
name = "kairos-core"
version = "0.1.0"

[[package]]
name = "kairos-detector"
version = "0.1.0"
dependencies = [
 "kairos-core",
 "kairos-dex",
 "kairos-sim",
 "kairos-state",
]

[[package]]
name = "kairos-dex"
version = "0.1.0"
dependencies = [
 "kairos-core",
]

[[package]]
name = "kairos-e2e"
version = "0.1.0"
dependencies = [
 "kairos-core",
 "kairos-detector",
 "kairos-dex",
 "kairos-mempool",
 "kairos-server",
 "kairos-sim",
 "kairos-state",
]

[[package]]
name = "kairos-mempool"
version = "0.1.0"
dependencies = [
 "kairos-core",
]

[[package]]
name = "kairos-server"
version = "0.1.0"
dependencies = [
 "kairos-core",
 "kairos-detector",
 "kairos-dex",
 "kairos-mempool",
 "kairos-sim",
 "kairos-state",
]

[[package]]
name = "kairos-sim"
version = "0.1.0"
dependencies = [
 "kairos-core",
 "kairos-dex",
 "kairos-state",
]

[[package]]
name = "kairos-state"
version = "0.1.0"
dependencies = [
 "kairos-core",
 "kairos-dex",
]
